
Microsoft Visual Studio Solution File, Format Version 12.00
# Visual Studio 2017
Project("{FAE04EC0-301F-11D3-BF4B-00C04F79EFBC}") = "TimeLine", "TimeLine.csproj", "{02DAD533-DB42-D778-8202-7A255E7CD7C4}"
EndProject
Project("{FAE04EC0-301F-11D3-BF4B-00C04F79EFBC}") = "TimeLine.Editor", "TimeLine.Editor.csproj", "{4BD0F873-55A9-9F0A-5BA2-23E2F53DB97A}"
EndProject
Global
	GlobalSection(SolutionConfigurationPlatforms) = preSolution
		Debug|Any CPU = Debug|Any CPU
		Release|Any CPU = Release|Any CPU
	EndGlobalSection
	GlobalSection(ProjectConfigurationPlatforms) = postSolution
		{02DAD533-DB42-D778-8202-7A255E7CD7C4}.Debug|Any CPU.ActiveCfg = Debug|Any CPU
		{02DAD533-DB42-D778-8202-7A255E7CD7C4}.Debug|Any CPU.Build.0 = Debug|Any CPU
		{02DAD533-DB42-D778-8202-7A255E7CD7C4}.Release|Any CPU.ActiveCfg = Release|Any CPU
		{02DAD533-DB42-D778-8202-7A255E7CD7C4}.Release|Any CPU.Build.0 = Release|Any CPU
		{4BD0F873-55A9-9F0A-5BA2-23E2F53DB97A}.Debug|Any CPU.ActiveCfg = Debug|Any CPU
		{4BD0F873-55A9-9F0A-5BA2-23E2F53DB97A}.Debug|Any CPU.Build.0 = Debug|Any CPU
		{4BD0F873-55A9-9F0A-5BA2-23E2F53DB97A}.Release|Any CPU.ActiveCfg = Release|Any CPU
		{4BD0F873-55A9-9F0A-5BA2-23E2F53DB97A}.Release|Any CPU.Build.0 = Release|Any CPU
	EndGlobalSection
	GlobalSection(SolutionProperties) = preSolution
		HideSolutionNode = FALSE
	EndGlobalSection
EndGlobal
